
Microsoft Visual Studio Solution File, Format Version 12.00
# Visual Studio Version 17
VisualStudioVersion = 17.4.33103.184
MinimumVisualStudioVersion = 10.0.40219.1
Project("{FAE04EC0-301F-11D3-BF4B-00C04F79EFBC}") = "MVVMDemo", "MVVMDemo\MVVMDemo.csproj", "{7C11A281-5F5A-4BCE-9FD9-1FC0CE00A05D}"
EndProject
Project("{D954291E-2A0B-460D-934E-DC6B0785DB48}") = "SharedCode", "SharedCode\SharedCode.shproj", "{36675280-AE8F-4AF9-A383-53A732FE2535}"
EndProject
Global
	GlobalSection(SolutionConfigurationPlatforms) = preSolution
		Debug|Any CPU = Debug|Any CPU
		Release|Any CPU = Release|Any CPU
	EndGlobalSection
	GlobalSection(ProjectConfigurationPlatforms) = postSolution
		{7C11A281-5F5A-4BCE-9FD9-1FC0CE00A05D}.Debug|Any CPU.ActiveCfg = Debug|Any CPU
		{7C11A281-5F5A-4BCE-9FD9-1FC0CE00A05D}.Debug|Any CPU.Build.0 = Debug|Any CPU
		{7C11A281-5F5A-4BCE-9FD9-1FC0CE00A05D}.Debug|Any CPU.Deploy.0 = Debug|Any CPU
		{7C11A281-5F5A-4BCE-9FD9-1FC0CE00A05D}.Release|Any CPU.ActiveCfg = Release|Any CPU
		{7C11A281-5F5A-4BCE-9FD9-1FC0CE00A05D}.Release|Any CPU.Build.0 = Release|Any CPU
		{7C11A281-5F5A-4BCE-9FD9-1FC0CE00A05D}.Release|Any CPU.Deploy.0 = Release|Any CPU
	EndGlobalSection
	GlobalSection(SolutionProperties) = preSolution
		HideSolutionNode = FALSE
	EndGlobalSection
	GlobalSection(ExtensibilityGlobals) = postSolution
		SolutionGuid = {F07ABB7C-A65A-47C8-AA37-2E15972B39BF}
	EndGlobalSection
	GlobalSection(SharedMSBuildProjectFiles) = preSolution
		SharedCode\SharedCode.projitems*{36675280-ae8f-4af9-a383-53a732fe2535}*SharedItemsImports = 13
		SharedCode\SharedCode.projitems*{7c11a281-5f5a-4bce-9fd9-1fc0ce00a05d}*SharedItemsImports = 4
	EndGlobalSection
EndGlobal
